// !$*UTF8*$!
{
	archiveVersion = 1;
	classes = {
	};
	objectVersion = 50;
	objects = {

/* Begin PBXBuildFile section */
		C20BD6CE2189E951007FE06F /* AppDelegate.swift in Sources */ = {isa = PBXBuildFile; fileRef = C20BD6CD2189E951007FE06F /* AppDelegate.swift */; };
		C20BD6D02189E951007FE06F /* ViewController.swift in Sources */ = {isa = PBXBuildFile; fileRef = C20BD6CF2189E951007FE06F /* ViewController.swift */; };
		C20BD6D32189E951007FE06F /* Main.storyboard in Resources */ = {isa = PBXBuildFile; fileRef = C20BD6D12189E951007FE06F /* Main.storyboard */; };
		C20BD6D52189E95B007FE06F /* Assets.xcassets in Resources */ = {isa = PBXBuildFile; fileRef = C20BD6D42189E95B007FE06F /* Assets.xcassets */; };
		C20BD6D82189E95B007FE06F /* LaunchScreen.storyboard in Resources */ = {isa = PBXBuildFile; fileRef = C20BD6D62189E95B007FE06F /* LaunchScreen.storyboard */; };
		C20BD6E32189E95B007FE06F /* weather_DarkSky_apiTests.swift in Sources */ = {isa = PBXBuildFile; fileRef = C20BD6E22189E95B007FE06F /* weather_DarkSky_apiTests.swift */; };
		C20BD6EE2189E95B007FE06F /* weather_DarkSky_apiUITests.swift in Sources */ = {isa = PBXBuildFile; fileRef = C20BD6ED2189E95B007FE06F /* weather_DarkSky_apiUITests.swift */; };
/* End PBXBuildFile section */

/* Begin PBXContainerItemProxy section */
		C20BD6DF2189E95B007FE06F /* PBXContainerItemProxy */ = {
			isa = PBXContainerItemProxy;
			containerPortal = C20BD6C22189E951007FE06F /* Project object */;
			proxyType = 1;
			remoteGlobalIDString = C20BD6C92189E951007FE06F;
			remoteInfo = "weather-DarkSky-api";
		};
		C20BD6EA2189E95B007FE06F /* PBXContainerItemProxy */ = {
			isa = PBXContainerItemProxy;
			containerPortal = C20BD6C22189E951007FE06F /* Project object */;
			proxyType = 1;
			remoteGlobalIDString = C20BD6C92189E951007FE06F;
			remoteInfo = "weather-DarkSky-api";
		};
/* End PBXContainerItemProxy section */

/* Begin PBXFileReference section */
		C20BD6CA2189E951007FE06F /* weather-DarkSky-api.app */ = {isa = PBXFileReference; explicitFileType = wrapper.application; includeInIndex = 0; path = "weather-DarkSky-api.app"; sourceTree = BUILT_PRODUCTS_DIR; };
		C20BD6CD2189E951007FE06F /* AppDelegate.swift */ = {isa = PBXFileReference; lastKnownFileType = sourcecode.swift; path = AppDelegate.swift; sourceTree = "<group>"; };
		C20BD6CF2189E951007FE06F /* ViewController.swift */ = {isa = PBXFileReference; lastKnownFileType = sourcecode.swift; path = ViewController.swift; sourceTree = "<group>"; };
		C20BD6D22189E951007FE06F /* Base */ = {isa = PBXFileReference; lastKnownFileType = file.storyboard; name = Base; path = Base.lproj/Main.storyboard; sourceTree = "<group>"; };
		C20BD6D42189E95B007FE06F /* Assets.xcassets */ = {isa = PBXFileReference; lastKnownFileType = folder.assetcatalog; path = Assets.xcassets; sourceTree = "<group>"; };
		C20BD6D72189E95B007FE06F /* Base */ = {isa = PBXFileReference; lastKnownFileType = file.storyboard; name = Base; path = Base.lproj/LaunchScreen.storyboard; sourceTree = "<group>"; };
		C20BD6D92189E95B007FE06F /* Info.plist */ = {isa = PBXFileReference; lastKnownFileType = text.plist.xml; path = Info.plist; sourceTree = "<group>"; };
		C20BD6DE2189E95B007FE06F /* weather-DarkSky-apiTests.xctest */ = {isa = PBXFileReference; explicitFileType = wrapper.cfbundle; includeInIndex = 0; path = "weather-DarkSky-apiTests.xctest"; sourceTree = BUILT_PRODUCTS_DIR; };
		C20BD6E22189E95B007FE06F /* weather_DarkSky_apiTests.swift */ = {isa = PBXFileReference; lastKnownFileType = sourcecode.swift; path = weather_DarkSky_apiTests.swift; sourceTree = "<group>"; };
		C20BD6E42189E95B007FE06F /* Info.plist */ = {isa = PBXFileReference; lastKnownFileType = text.plist.xml; path = Info.plist; sourceTree = "<group>"; };
		C20BD6E92189E95B007FE06F /* weather-DarkSky-apiUITests.xctest */ = {isa = PBXFileReference; explicitFileType = wrapper.cfbundle; includeInIndex = 0; path = "weather-DarkSky-apiUITests.xctest"; sourceTree = BUILT_PRODUCTS_DIR; };
		C20BD6ED2189E95B007FE06F /* weather_DarkSky_apiUITests.swift */ = {isa = PBXFileReference; lastKnownFileType = sourcecode.swift; path = weather_DarkSky_apiUITests.swift; sourceTree = "<group>"; };
		C20BD6EF2189E95B007FE06F /* Info.plist */ = {isa = PBXFileReference; lastKnownFileType = text.plist.xml; path = Info.plist; sourceTree = "<group>"; };
/* End PBXFileReference section */

/* Begin PBXFrameworksBuildPhase section */
		C20BD6C72189E951007FE06F /* Frameworks */ = {
			isa = PBXFrameworksBuildPhase;
			buildActionMask = 2147483647;
			files = (
			);
			runOnlyForDeploymentPostprocessing = 0;
		};
		C20BD6DB2189E95B007FE06F /* Frameworks */ = {
			isa = PBXFrameworksBuildPhase;
			buildActionMask = 2147483647;
			files = (
			);
			runOnlyForDeploymentPostprocessing = 0;
		};
		C20BD6E62189E95B007FE06F /* Frameworks */ = {
			isa = PBXFrameworksBuildPhase;
			buildActionMask = 2147483647;
			files = (
			);
			runOnlyForDeploymentPostprocessing = 0;
		};
/* End PBXFrameworksBuildPhase section */

/* Begin PBXGroup section */
		C20BD6C12189E951007FE06F = {
			isa = PBXGroup;
			children = (
				C20BD6CC2189E951007FE06F /* weather-DarkSky-api */,
				C20BD6E12189E95B007FE06F /* weather-DarkSky-apiTests */,
				C20BD6EC2189E95B007FE06F /* weather-DarkSky-apiUITests */,
				C20BD6CB2189E951007FE06F /* Products */,
			);
			sourceTree = "<group>";
		};
		C20BD6CB2189E951007FE06F /* Products */ = {
			isa = PBXGroup;
			children = (
				C20BD6CA2189E951007FE06F /* weather-DarkSky-api.app */,
				C20BD6DE2189E95B007FE06F /* weather-DarkSky-apiTests.xctest */,
				C20BD6E92189E95B007FE06F /* weather-DarkSky-apiUITests.xctest */,
			);
			name = Products;
			sourceTree = "<group>";
		};
		C20BD6CC2189E951007FE06F /* weather-DarkSky-api */ = {
			isa = PBXGroup;
			children = (
				C20BD6CD2189E951007FE06F /* AppDelegate.swift */,
				C20BD6CF2189E951007FE06F /* ViewController.swift */,
				C20BD6D12189E951007FE06F /* Main.storyboard */,
				C20BD6D42189E95B007FE06F /* Assets.xcassets */,
				C20BD6D62189E95B007FE06F /* LaunchScreen.storyboard */,
				C20BD6D92189E95B007FE06F /* Info.plist */,
			);
			path = "weather-DarkSky-api";
			sourceTree = "<group>";
		};
		C20BD6E12189E95B007FE06F /* weather-DarkSky-apiTests */ = {
			isa = PBXGroup;
			children = (
				C20BD6E22189E95B007FE06F /* weather_DarkSky_apiTests.swift */,
				C20BD6E42189E95B007FE06F /* Info.plist */,
			);
			path = "weather-DarkSky-apiTests";
			sourceTree = "<group>";
		};
		C20BD6EC2189E95B007FE06F /* weather-DarkSky-apiUITests */ = {
			isa = PBXGroup;
			children = (
				C20BD6ED2189E95B007FE06F /* weather_DarkSky_apiUITests.swift */,
				C20BD6EF2189E95B007FE06F /* Info.plist */,
			);
			path = "weather-DarkSky-apiUITests";
			sourceTree = "<group>";
		};
/* End PBXGroup section */

/* Begin PBXNativeTarget section */
		C20BD6C92189E951007FE06F /* weather-DarkSky-api */ = {
			isa = PBXNativeTarget;
			buildConfigurationList = C20BD6F22189E95B007FE06F /* Build configuration list for PBXNativeTarget "weather-DarkSky-api" */;
			buildPhases = (
				C20BD6C62189E951007FE06F /* Sources */,
				C20BD6C72189E951007FE06F /* Frameworks */,
				C20BD6C82189E951007FE06F /* Resources */,
			);
			buildRules = (
			);
			dependencies = (
			);
			name = "weather-DarkSky-api";
			productName = "weather-DarkSky-api";
			productReference = C20BD6CA2189E951007FE06F /* weather-DarkSky-api.app */;
			productType = "com.apple.product-type.application";
		};
		C20BD6DD2189E95B007FE06F /* weather-DarkSky-apiTests */ = {
			isa = PBXNativeTarget;
			buildConfigurationList = C20BD6F52189E95B007FE06F /* Build configuration list for PBXNativeTarget "weather-DarkSky-apiTests" */;
			buildPhases = (
				C20BD6DA2189E95B007FE06F /* Sources */,
				C20BD6DB2189E95B007FE06F /* Frameworks */,
				C20BD6DC2189E95B007FE06F /* Resources */,
			);
			buildRules = (
			);
			dependencies = (
				C20BD6E02189E95B007FE06F /* PBXTargetDependency */,
			);
			name = "weather-DarkSky-apiTests";
			productName = "weather-DarkSky-apiTests";
			productReference = C20BD6DE2189E95B007FE06F /* weather-DarkSky-apiTests.xctest */;
			productType = "com.apple.product-type.bundle.unit-test";
		};
		C20BD6E82189E95B007FE06F /* weather-DarkSky-apiUITests */ = {
			isa = PBXNativeTarget;
			buildConfigurationList = C20BD6F82189E95B007FE06F /* Build configuration list for PBXNativeTarget "weather-DarkSky-apiUITests" */;
			buildPhases = (
				C20BD6E52189E95B007FE06F /* Sources */,
				C20BD6E62189E95B007FE06F /* Frameworks */,
				C20BD6E72189E95B007FE06F /* Resources */,
			);
			buildRules = (
			);
			dependencies = (
				C20BD6EB2189E95B007FE06F /* PBXTargetDependency */,
			);
			name = "weather-DarkSky-apiUITests";
			productName = "weather-DarkSky-apiUITests";
			productReference = C20BD6E92189E95B007FE06F /* weather-DarkSky-apiUITests.xctest */;
			productType = "com.apple.product-type.bundle.ui-testing";
		};
/* End PBXNativeTarget section */

/* Begin PBXProject section */
		C20BD6C22189E951007FE06F /* Project object */ = {
			isa = PBXProject;
			attributes = {
				LastSwiftUpdateCheck = 1000;
				LastUpgradeCheck = 1000;
				ORGANIZATIONNAME = AlvinTu;
				TargetAttributes = {
					C20BD6C92189E951007FE06F = {
						CreatedOnToolsVersion = 10.0;
					};
					C20BD6DD2189E95B007FE06F = {
						CreatedOnToolsVersion = 10.0;
						TestTargetID = C20BD6C92189E951007FE06F;
					};
					C20BD6E82189E95B007FE06F = {
						CreatedOnToolsVersion = 10.0;
						TestTargetID = C20BD6C92189E951007FE06F;
					};
				};
			};
			buildConfigurationList = C20BD6C52189E951007FE06F /* Build configuration list for PBXProject "weather-DarkSky-api" */;
			compatibilityVersion = "Xcode 9.3";
			developmentRegion = en;
			hasScannedForEncodings = 0;
			knownRegions = (
				en,
				Base,
			);
			mainGroup = C20BD6C12189E951007FE06F;
			productRefGroup = C20BD6CB2189E951007FE06F /* Products */;
			projectDirPath = "";
			projectRoot = "";
			targets = (
				C20BD6C92189E951007FE06F /* weather-DarkSky-api */,
				C20BD6DD2189E95B007FE06F /* weather-DarkSky-apiTests */,
				C20BD6E82189E95B007FE06F /* weather-DarkSky-apiUITests */,
			);
		};
/* End PBXProject section */

/* Begin PBXResourcesBuildPhase section */
		C20BD6C82189E951007FE06F /* Resources */ = {
			isa = PBXResourcesBuildPhase;
			buildActionMask = 2147483647;
			files = (
				C20BD6D82189E95B007FE06F /* LaunchScreen.storyboard in Resources */,
				C20BD6D52189E95B007FE06F /* Assets.xcassets in Resources */,
				C20BD6D32189E951007FE06F /* Main.storyboard in Resources */,
			);
			runOnlyForDeploymentPostprocessing = 0;
		};
		C20BD6DC2189E95B007FE06F /* Resources */ = {
			isa = PBXResourcesBuildPhase;
			buildActionMask = 2147483647;
			files = (
			);
			runOnlyForDeploymentPostprocessing = 0;
		};
		C20BD6E72189E95B007FE06F /* Resources */ = {
			isa = PBXResourcesBuildPhase;
			buildActionMask = 2147483647;
			files = (
			);
			runOnlyForDeploymentPostprocessing = 0;
		};
/* End PBXResourcesBuildPhase section */

/* Begin PBXSourcesBuildPhase section */
		C20BD6C62189E951007FE06F /* Sources */ = {
			isa = PBXSourcesBuildPhase;
			buildActionMask = 2147483647;
			files = (
				C20BD6D02189E951007FE06F /* ViewController.swift in Sources */,
				C20BD6CE2189E951007FE06F /* AppDelegate.swift in Sources */,
			);
			runOnlyForDeploymentPostprocessing = 0;
		};
		C20BD6DA2189E95B007FE06F /* Sources */ = {
			isa = PBXSourcesBuildPhase;
			buildActionMask = 2147483647;
			files = (
				C20BD6E32189E95B007FE06F /* weather_DarkSky_apiTests.swift in Sources */,
			);
			runOnlyForDeploymentPostprocessing = 0;
		};
		C20BD6E52189E95B007FE06F /* Sources */ = {
			isa = PBXSourcesBuildPhase;
			buildActionMask = 2147483647;
			files = (
				C20BD6EE2189E95B007FE06F /* weather_DarkSky_apiUITests.swift in Sources */,
			);
			runOnlyForDeploymentPostprocessing = 0;
		};
/* End PBXSourcesBuildPhase section */

/* Begin PBXTargetDependency section */
		C20BD6E02189E95B007FE06F /* PBXTargetDependency */ = {
			isa = PBXTargetDependency;
			target = C20BD6C92189E951007FE06F /* weather-DarkSky-api */;
			targetProxy = C20BD6DF2189E95B007FE06F /* PBXContainerItemProxy */;
		};
		C20BD6EB2189E95B007FE06F /* PBXTargetDependency */ = {
			isa = PBXTargetDependency;
			target = C20BD6C92189E951007FE06F /* weather-DarkSky-api */;
			targetProxy = C20BD6EA2189E95B007FE06F /* PBXContainerItemProxy */;
		};
/* End PBXTargetDependency section */

/* Begin PBXVariantGroup section */
		C20BD6D12189E951007FE06F /* Main.storyboard */ = {
			isa = PBXVariantGroup;
			children = (
				C20BD6D22189E951007FE06F /* Base */,
			);
			name = Main.storyboard;
			sourceTree = "<group>";
		};
		C20BD6D62189E95B007FE06F /* LaunchScreen.storyboard */ = {
			isa = PBXVariantGroup;
			children = (
				C20BD6D72189E95B007FE06F /* Base */,
			);
			name = LaunchScreen.storyboard;
			sourceTree = "<group>";
		};
/* End PBXVariantGroup section */

/* Begin XCBuildConfiguration section */
		C20BD6F02189E95B007FE06F /* Debug */ = {
			isa = XCBuildConfiguration;
			buildSettings = {
				ALWAYS_SEARCH_USER_PATHS = NO;
				CLANG_ANALYZER_NONNULL = YES;
				CLANG_ANALYZER_NUMBER_OBJECT_CONVERSION = YES_AGGRESSIVE;
				CLANG_CXX_LANGUAGE_STANDARD = "gnu++14";
				CLANG_CXX_LIBRARY = "libc++";
				CLANG_ENABLE_MODULES = YES;
				CLANG_ENABLE_OBJC_ARC = YES;
				CLANG_ENABLE_OBJC_WEAK = YES;
				CLANG_WARN_BLOCK_CAPTURE_AUTORELEASING = YES;
				CLANG_WARN_BOOL_CONVERSION = YES;
				CLANG_WARN_COMMA = YES;
				CLANG_WARN_CONSTANT_CONVERSION = YES;
				CLANG_WARN_DEPRECATED_OBJC_IMPLEMENTATIONS = YES;
				CLANG_WARN_DIRECT_OBJC_ISA_USAGE = YES_ERROR;
				CLANG_WARN_DOCUMENTATION_COMMENTS = YES;
				CLANG_WARN_EMPTY_BODY = YES;
				CLANG_WARN_ENUM_CONVERSION = YES;
				CLANG_WARN_INFINITE_RECURSION = YES;
				CLANG_WARN_INT_CONVERSION = YES;
				CLANG_WARN_NON_LITERAL_NULL_CONVERSION = YES;
				CLANG_WARN_OBJC_IMPLICIT_RETAIN_SELF = YES;
				CLANG_WARN_OBJC_LITERAL_CONVERSION = YES;
				CLANG_WARN_OBJC_ROOT_CLASS = YES_ERROR;
				CLANG_WARN_RANGE_LOOP_ANALYSIS = YES;
				CLANG_WARN_STRICT_PROTOTYPES = YES;
				CLANG_WARN_SUSPICIOUS_MOVE = YES;
				CLANG_WARN_UNGUARDED_AVAILABILITY = YES_AGGRESSIVE;
				CLANG_WARN_UNREACHABLE_CODE = YES;
				CLANG_WARN__DUPLICATE_METHOD_MATCH = YES;
				CODE_SIGN_IDENTITY = "iPhone Developer";
				COPY_PHASE_STRIP = NO;
				DEBUG_INFORMATION_FORMAT = dwarf;
				ENABLE_STRICT_OBJC_MSGSEND = YES;
				ENABLE_TESTABILITY = YES;
				GCC_C_LANGUAGE_STANDARD = gnu11;
				GCC_DYNAMIC_NO_PIC = NO;
				GCC_NO_COMMON_BLOCKS = YES;
				GCC_OPTIMIZATION_LEVEL = 0;
				GCC_PREPROCESSOR_DEFINITIONS = (
					"DEBUG=1",
					"$(inherited)",
				);
				GCC_WARN_64_TO_32_BIT_CONVERSION = YES;
				GCC_WARN_ABOUT_RETURN_TYPE = YES_ERROR;
				GCC_WARN_UNDECLARED_SELECTOR = YES;
				GCC_WARN_UNINITIALIZED_AUTOS = YES_AGGRESSIVE;
				GCC_WARN_UNUSED_FUNCTION = YES;
				GCC_WARN_UNUSED_VARIABLE = YES;
				IPHONEOS_DEPLOYMENT_TARGET = 12.0;
				MTL_ENABLE_DEBUG_INFO = INCLUDE_SOURCE;
				MTL_FAST_MATH = YES;
				ONLY_ACTIVE_ARCH = YES;
				SDKROOT = iphoneos;
				SWIFT_ACTIVE_COMPILATION_CONDITIONS = DEBUG;
				SWIFT_OPTIMIZATION_LEVEL = "-Onone";
			};
			name = Debug;
		};
		C20BD6F12189E95B007FE06F /* Release */ = {
			isa = XCBuildConfiguration;
			buildSettings = {
				ALWAYS_SEARCH_USER_PATHS = NO;
				CLANG_ANALYZER_NONNULL = YES;
				CLANG_ANALYZER_NUMBER_OBJECT_CONVERSION = YES_AGGRESSIVE;
				CLANG_CXX_LANGUAGE_STANDARD = "gnu++14";
				CLANG_CXX_LIBRARY = "libc++";
				CLANG_ENABLE_MODULES = YES;
				CLANG_ENABLE_OBJC_ARC = YES;
				CLANG_ENABLE_OBJC_WEAK = YES;
				CLANG_WARN_BLOCK_CAPTURE_AUTORELEASING = YES;
				CLANG_WARN_BOOL_CONVERSION = YES;
				CLANG_WARN_COMMA = YES;
				CLANG_WARN_CONSTANT_CONVERSION = YES;
				CLANG_WARN_DEPRECATED_OBJC_IMPLEMENTATIONS = YES;
				CLANG_WARN_DIRECT_OBJC_ISA_USAGE = YES_ERROR;
				CLANG_WARN_DOCUMENTATION_COMMENTS = YES;
				CLANG_WARN_EMPTY_BODY = YES;
				CLANG_WARN_ENUM_CONVERSION = YES;
				CLANG_WARN_INFINITE_RECURSION = YES;
				CLANG_WARN_INT_CONVERSION = YES;
				CLANG_WARN_NON_LITERAL_NULL_CONVERSION = YES;
				CLANG_WARN_OBJC_IMPLICIT_RETAIN_SELF = YES;
				CLANG_WARN_OBJC_LITERAL_CONVERSION = YES;
				CLANG_WARN_OBJC_ROOT_CLASS = YES_ERROR;
				CLANG_WARN_RANGE_LOOP_ANALYSIS = YES;
				CLANG_WARN_STRICT_PROTOTYPES = YES;
				CLANG_WARN_SUSPICIOUS_MOVE = YES;
				CLANG_WARN_UNGUARDED_AVAILABILITY = YES_AGGRESSIVE;
				CLANG_WARN_UNREACHABLE_CODE = YES;
				CLANG_WARN__DUPLICATE_METHOD_MATCH = YES;
				CODE_SIGN_IDENTITY = "iPhone Developer";
				COPY_PHASE_STRIP = NO;
				DEBUG_INFORMATION_FORMAT = "dwarf-with-dsym";
				ENABLE_NS_ASSERTIONS = NO;
				ENABLE_STRICT_OBJC_MSGSEND = YES;
				GCC_C_LANGUAGE_STANDARD = gnu11;
				GCC_NO_COMMON_BLOCKS = YES;
				GCC_WARN_64_TO_32_BIT_CONVERSION = YES;
				GCC_WARN_ABOUT_RETURN_TYPE = YES_ERROR;
				GCC_WARN_UNDECLARED_SELECTOR = YES;
				GCC_WARN_UNINITIALIZED_AUTOS = YES_AGGRESSIVE;
				GCC_WARN_UNUSED_FUNCTION = YES;
				GCC_WARN_UNUSED_VARIABLE = YES;
				IPHONEOS_DEPLOYMENT_TARGET = 12.0;
				MTL_ENABLE_DEBUG_INFO = NO;
				MTL_FAST_MATH = YES;
				SDKROOT = iphoneos;
				SWIFT_COMPILATION_MODE = wholemodule;
				SWIFT_OPTIMIZATION_LEVEL = "-O";
				VALIDATE_PRODUCT = YES;
			};
			name = Release;
		};
		C20BD6F32189E95B007FE06F /* Debug */ = {
			isa = XCBuildConfiguration;
			buildSettings = {
				ASSETCATALOG_COMPILER_APPICON_NAME = AppIcon;
				CODE_SIGN_STYLE = Automatic;
				DEVELOPMENT_TEAM = 5MLP2Y9S77;
				INFOPLIST_FILE = "weather-DarkSky-api/Info.plist";
				LD_RUNPATH_SEARCH_PATHS = (
					"$(inherited)",
					"@executable_path/Frameworks",
				);
				PRODUCT_BUNDLE_IDENTIFIER = "com.alvintu.weather-DarkSky-api";
				PRODUCT_NAME = "$(TARGET_NAME)";
				SWIFT_VERSION = 4.2;
				TARGETED_DEVICE_FAMILY = "1,2";
			};
			name = Debug;
		};
		C20BD6F42189E95B007FE06F /* Release */ = {
			isa = XCBuildConfiguration;
			buildSettings = {
				ASSETCATALOG_COMPILER_APPICON_NAME = AppIcon;
				CODE_SIGN_STYLE = Automatic;
				DEVELOPMENT_TEAM = 5MLP2Y9S77;
				INFOPLIST_FILE = "weather-DarkSky-api/Info.plist";
				LD_RUNPATH_SEARCH_PATHS = (
					"$(inherited)",
					"@executable_path/Frameworks",
				);
				PRODUCT_BUNDLE_IDENTIFIER = "com.alvintu.weather-DarkSky-api";
				PRODUCT_NAME = "$(TARGET_NAME)";
				SWIFT_VERSION = 4.2;
				TARGETED_DEVICE_FAMILY = "1,2";
			};
			name = Release;
		};
		C20BD6F62189E95B007FE06F /* Debug */ = {
			isa = XCBuildConfiguration;
			buildSettings = {
				ALWAYS_EMBED_SWIFT_STANDARD_LIBRARIES = YES;
				BUNDLE_LOADER = "$(TEST_HOST)";
				CODE_SIGN_STYLE = Automatic;
				DEVELOPMENT_TEAM = 5MLP2Y9S77;
				INFOPLIST_FILE = "weather-DarkSky-apiTests/Info.plist";
				LD_RUNPATH_SEARCH_PATHS = (
					"$(inherited)",
					"@executable_path/Frameworks",
					"@loader_path/Frameworks",
				);
				PRODUCT_BUNDLE_IDENTIFIER = "com.alvintu.weather-DarkSky-apiTests";
				PRODUCT_NAME = "$(TARGET_NAME)";
				SWIFT_VERSION = 4.2;
				TARGETED_DEVICE_FAMILY = "1,2";
				TEST_HOST = "$(BUILT_PRODUCTS_DIR)/weather-DarkSky-api.app/weather-DarkSky-api";
			};
			name = Debug;
		};
		C20BD6F72189E95B007FE06F /* Release */ = {
			isa = XCBuildConfiguration;
			buildSettings = {
				ALWAYS_EMBED_SWIFT_STANDARD_LIBRARIES = YES;
				BUNDLE_LOADER = "$(TEST_HOST)";
				CODE_SIGN_STYLE = Automatic;
				DEVELOPMENT_TEAM = 5MLP2Y9S77;
				INFOPLIST_FILE = "weather-DarkSky-apiTests/Info.plist";
				LD_RUNPATH_SEARCH_PATHS = (
					"$(inherited)",
					"@executable_path/Frameworks",
					"@loader_path/Frameworks",
				);
				PRODUCT_BUNDLE_IDENTIFIER = "com.alvintu.weather-DarkSky-apiTests";
				PRODUCT_NAME = "$(TARGET_NAME)";
				SWIFT_VERSION = 4.2;
				TARGETED_DEVICE_FAMILY = "1,2";
				TEST_HOST = "$(BUILT_PRODUCTS_DIR)/weather-DarkSky-api.app/weather-DarkSky-api";
			};
			name = Release;
		};
		C20BD6F92189E95B007FE06F /* Debug */ = {
			isa = XCBuildConfiguration;
			buildSettings = {
				ALWAYS_EMBED_SWIFT_STANDARD_LIBRARIES = YES;
				CODE_SIGN_STYLE = Automatic;
				DEVELOPMENT_TEAM = 5MLP2Y9S77;
				INFOPLIST_FILE = "weather-DarkSky-apiUITests/Info.plist";
				LD_RUNPATH_SEARCH_PATHS = (
					"$(inherited)",
					"@executable_path/Frameworks",
					"@loader_path/Frameworks",
				);
				PRODUCT_BUNDLE_IDENTIFIER = "com.alvintu.weather-DarkSky-apiUITests";
				PRODUCT_NAME = "$(TARGET_NAME)";
				SWIFT_VERSION = 4.2;
				TARGETED_DEVICE_FAMILY = "1,2";
				TEST_TARGET_NAME = "weather-DarkSky-api";
			};
			name = Debug;
		};
		C20BD6FA2189E95B007FE06F /* Release */ = {
			isa = XCBuildConfiguration;
			buildSettings = {
				ALWAYS_EMBED_SWIFT_STANDARD_LIBRARIES = YES;
				CODE_SIGN_STYLE = Automatic;
				DEVELOPMENT_TEAM = 5MLP2Y9S77;
				INFOPLIST_FILE = "weather-DarkSky-apiUITests/Info.plist";
				LD_RUNPATH_SEARCH_PATHS = (
					"$(inherited)",
					"@executable_path/Frameworks",
					"@loader_path/Frameworks",
				);
				PRODUCT_BUNDLE_IDENTIFIER = "com.alvintu.weather-DarkSky-apiUITests";
				PRODUCT_NAME = "$(TARGET_NAME)";
				SWIFT_VERSION = 4.2;
				TARGETED_DEVICE_FAMILY = "1,2";
				TEST_TARGET_NAME = "weather-DarkSky-api";
			};
			name = Release;
		};
/* End XCBuildConfiguration section */

/* Begin XCConfigurationList section */
		C20BD6C52189E951007FE06F /* Build configuration list for PBXProject "weather-DarkSky-api" */ = {
			isa = XCConfigurationList;
			buildConfigurations = (
				C20BD6F02189E95B007FE06F /* Debug */,
				C20BD6F12189E95B007FE06F /* Release */,
			);
			defaultConfigurationIsVisible = 0;
			defaultConfigurationName = Release;
		};
		C20BD6F22189E95B007FE06F /* Build configuration list for PBXNativeTarget "weather-DarkSky-api" */ = {
			isa = XCConfigurationList;
			buildConfigurations = (
				C20BD6F32189E95B007FE06F /* Debug */,
				C20BD6F42189E95B007FE06F /* Release */,
			);
			defaultConfigurationIsVisible = 0;
			defaultConfigurationName = Release;
		};
		C20BD6F52189E95B007FE06F /* Build configuration list for PBXNativeTarget "weather-DarkSky-apiTests" */ = {
			isa = XCConfigurationList;
			buildConfigurations = (
				C20BD6F62189E95B007FE06F /* Debug */,
				C20BD6F72189E95B007FE06F /* Release */,
			);
			defaultConfigurationIsVisible = 0;
			defaultConfigurationName = Release;
		};
		C20BD6F82189E95B007FE06F /* Build configuration list for PBXNativeTarget "weather-DarkSky-apiUITests" */ = {
			isa = XCConfigurationList;
			buildConfigurations = (
				C20BD6F92189E95B007FE06F /* Debug */,
				C20BD6FA2189E95B007FE06F /* Release */,
			);
			defaultConfigurationIsVisible = 0;
			defaultConfigurationName = Release;
		};
/* End XCConfigurationList section */
	};
	rootObject = C20BD6C22189E951007FE06F /* Project object */;
}
